
Microsoft Visual Studio Solution File, Format Version 12.00
# Visual Studio Version 17
VisualStudioVersion = 17.5.33627.172
MinimumVisualStudioVersion = 10.0.40219.1
Project("{8BC9CEB8-8B4A-11D0-8D11-00A0C91BC942}") = "soda", "soda\soda.vcxproj", "{AEF456A4-7C19-4C59-B4FA-12D11BCDF009}"
EndProject
Global
	GlobalSection(SolutionConfigurationPlatforms) = preSolution
		Debug|x64 = Debug|x64
		Debug|x86 = Debug|x86
		Release|x64 = Release|x64
		Release|x86 = Release|x86
	EndGlobalSection
	GlobalSection(ProjectConfigurationPlatforms) = postSolution
		{AEF456A4-7C19-4C59-B4FA-12D11BCDF009}.Debug|x64.ActiveCfg = Debug|x64
		{AEF456A4-7C19-4C59-B4FA-12D11BCDF009}.Debug|x64.Build.0 = Debug|x64
		{AEF456A4-7C19-4C59-B4FA-12D11BCDF009}.Debug|x86.ActiveCfg = Debug|Win32
		{AEF456A4-7C19-4C59-B4FA-12D11BCDF009}.Debug|x86.Build.0 = Debug|Win32
		{AEF456A4-7C19-4C59-B4FA-12D11BCDF009}.Release|x64.ActiveCfg = Release|x64
		{AEF456A4-7C19-4C59-B4FA-12D11BCDF009}.Release|x64.Build.0 = Release|x64
		{AEF456A4-7C19-4C59-B4FA-12D11BCDF009}.Release|x86.ActiveCfg = Release|Win32
		{AEF456A4-7C19-4C59-B4FA-12D11BCDF009}.Release|x86.Build.0 = Release|Win32
	EndGlobalSection
	GlobalSection(SolutionProperties) = preSolution
		HideSolutionNode = FALSE
	EndGlobalSection
	GlobalSection(ExtensibilityGlobals) = postSolution
		SolutionGuid = {89F1E3C8-3657-4481-A924-0639B5C6D4CB}
	EndGlobalSection
EndGlobal
